# This file is generated by running "yarn install" inside your project.
# Manual changes might be lost - proceed with caution!

__metadata:
  version: 5

"import-meta@workspace:packages/import-meta":
  version: 0.0.0-use.local
  resolution: "import-meta@workspace:packages/import-meta"
  languageName: unknown
  linkType: soft

"labeled-blocks@workspace:packages/labeled-blocks":
  version: 0.0.0-use.local
  resolution: "labeled-blocks@workspace:packages/labeled-blocks"
  languageName: unknown
  linkType: soft

"playground@workspace:.":
  version: 0.0.0-use.local
  resolution: "playground@workspace:."
  languageName: unknown
  linkType: soft
